# @generated by Move, please check-in and do not edit manually.

[move]
version = 3
manifest_digest = "3736D30E0E50230D171FBD0AE96FD865DD2217B208DA93BEBBC7DEDBB66F0075"
deps_digest = "397E6A9F7A624706DBDFEE056CE88391A15876868FD18A88504DA74EB458D697"
dependencies = [
  { id = "Iota", name = "Iota" },
  { id = "IotaNotarization", name = "IotaNotarization" },
  { id = "IotaSystem", name = "IotaSystem" },
  { id = "MoveStdlib", name = "MoveStdlib" },
  { id = "Stardust", name = "Stardust" },
]

[[move.package]]
id = "Iota"
source = { git = "https://github.com/iotaledger/iota.git", rev = "22dd2a89f5b591066c6930510a227c087cc836ac", subdir = "crates/iota-framework/packages/iota-framework" }

dependencies = [
  { id = "MoveStdlib", name = "MoveStdlib" },
]

[[move.package]]
id = "IotaNotarization"
source = { local = "..\\iota_notarization" }

dependencies = [
  { id = "Iota", name = "Iota" },
  { id = "IotaSystem", name = "IotaSystem" },
  { id = "MoveStdlib", name = "MoveStdlib" },
  { id = "Stardust", name = "Stardust" },
]

[[move.package]]
id = "IotaSystem"
source = { git = "https://github.com/iotaledger/iota.git", rev = "22dd2a89f5b591066c6930510a227c087cc836ac", subdir = "crates/iota-framework/packages/iota-system" }

dependencies = [
  { id = "Iota", name = "Iota" },
  { id = "MoveStdlib", name = "MoveStdlib" },
]

[[move.package]]
id = "MoveStdlib"
source = { git = "https://github.com/iotaledger/iota.git", rev = "22dd2a89f5b591066c6930510a227c087cc836ac", subdir = "crates/iota-framework/packages/move-stdlib" }

[[move.package]]
id = "Stardust"
source = { git = "https://github.com/iotaledger/iota.git", rev = "22dd2a89f5b591066c6930510a227c087cc836ac", subdir = "crates/iota-framework/packages/stardust" }

dependencies = [
  { id = "Iota", name = "Iota" },
  { id = "MoveStdlib", name = "MoveStdlib" },
]

[move.toolchain-version]
compiler-version = "1.17.2"
edition = "2024"
flavor = "iota"

[env.devnet]
original-published-id = "0x6d4794ed89912bc913f2eeb762bb01e8cda214f9d3efba1cc69b00360dd05fdd"
latest-published-id = "0x6d4794ed89912bc913f2eeb762bb01e8cda214f9d3efba1cc69b00360dd05fdd"

[env.testnet]
chain-id = "2304aa97"
original-published-id = "0xd6d7831e7c64f78b814a5098458497b430867034f0f89fa3c9a357408d55a91a"
latest-published-id = "0xd6d7831e7c64f78b814a5098458497b430867034f0f89fa3c9a357408d55a91a"
published-version = "1"
